
Microsoft Visual Studio Solution File, Format Version 12.00
# Visual Studio Version 17
VisualStudioVersion = 17.0.31919.166
MinimumVisualStudioVersion = 10.0.40219.1
Project("{9A19103F-16F7-4668-BE54-9A1E7A4F7556}") = "Ergo", "Ergo\Ergo.csproj", "{E7DEEBDE-B679-4C49-88D8-7A9F69FA7C07}"
EndProject
Project("{2150E333-8FDC-42A3-9474-1A3956D46DE8}") = "Solution Items", "Solution Items", "{3DBC78D7-BBF8-4A9C-8B5E-23CF036F2B78}"
	ProjectSection(SolutionItems) = preProject
		.editorconfig = .editorconfig
	EndProjectSection
EndProject
Project("{9A19103F-16F7-4668-BE54-9A1E7A4F7556}") = "XUnitTests", "XUnitTests\XUnitTests.csproj", "{32E81069-E4F8-4EF8-AC1C-66062AE4A6DD}"
EndProject
Project("{9A19103F-16F7-4668-BE54-9A1E7A4F7556}") = "ErgoLS", "ErgoLS\ErgoLS.csproj", "{E0545F99-556F-4F6D-8AC0-9C583948E2B7}"
EndProject
Global
	GlobalSection(SolutionConfigurationPlatforms) = preSolution
		Debug|Any CPU = Debug|Any CPU
		Debug|arm64 = Debug|arm64
		Debug|x86 = Debug|x86
		Diagnostics|Any CPU = Diagnostics|Any CPU
		Diagnostics|arm64 = Diagnostics|arm64
		Diagnostics|x86 = Diagnostics|x86
		Release|Any CPU = Release|Any CPU
		Release|arm64 = Release|arm64
		Release|x86 = Release|x86
	EndGlobalSection
	GlobalSection(ProjectConfigurationPlatforms) = postSolution
		{E7DEEBDE-B679-4C49-88D8-7A9F69FA7C07}.Debug|Any CPU.ActiveCfg = Debug|Any CPU
		{E7DEEBDE-B679-4C49-88D8-7A9F69FA7C07}.Debug|Any CPU.Build.0 = Debug|Any CPU
		{E7DEEBDE-B679-4C49-88D8-7A9F69FA7C07}.Debug|arm64.ActiveCfg = Debug|Any CPU
		{E7DEEBDE-B679-4C49-88D8-7A9F69FA7C07}.Debug|arm64.Build.0 = Debug|Any CPU
		{E7DEEBDE-B679-4C49-88D8-7A9F69FA7C07}.Debug|x86.ActiveCfg = Debug|Any CPU
		{E7DEEBDE-B679-4C49-88D8-7A9F69FA7C07}.Debug|x86.Build.0 = Debug|Any CPU
		{E7DEEBDE-B679-4C49-88D8-7A9F69FA7C07}.Diagnostics|Any CPU.ActiveCfg = Diagnostics|Any CPU
		{E7DEEBDE-B679-4C49-88D8-7A9F69FA7C07}.Diagnostics|Any CPU.Build.0 = Diagnostics|Any CPU
		{E7DEEBDE-B679-4C49-88D8-7A9F69FA7C07}.Diagnostics|arm64.ActiveCfg = Diagnostics|Any CPU
		{E7DEEBDE-B679-4C49-88D8-7A9F69FA7C07}.Diagnostics|arm64.Build.0 = Diagnostics|Any CPU
		{E7DEEBDE-B679-4C49-88D8-7A9F69FA7C07}.Diagnostics|x86.ActiveCfg = Diagnostics|Any CPU
		{E7DEEBDE-B679-4C49-88D8-7A9F69FA7C07}.Diagnostics|x86.Build.0 = Diagnostics|Any CPU
		{E7DEEBDE-B679-4C49-88D8-7A9F69FA7C07}.Release|Any CPU.ActiveCfg = Release|Any CPU
		{E7DEEBDE-B679-4C49-88D8-7A9F69FA7C07}.Release|Any CPU.Build.0 = Release|Any CPU
		{E7DEEBDE-B679-4C49-88D8-7A9F69FA7C07}.Release|arm64.ActiveCfg = Release|Any CPU
		{E7DEEBDE-B679-4C49-88D8-7A9F69FA7C07}.Release|arm64.Build.0 = Release|Any CPU
		{E7DEEBDE-B679-4C49-88D8-7A9F69FA7C07}.Release|x86.ActiveCfg = Release|Any CPU
		{E7DEEBDE-B679-4C49-88D8-7A9F69FA7C07}.Release|x86.Build.0 = Release|Any CPU
		{32E81069-E4F8-4EF8-AC1C-66062AE4A6DD}.Debug|Any CPU.ActiveCfg = Debug|Any CPU
		{32E81069-E4F8-4EF8-AC1C-66062AE4A6DD}.Debug|Any CPU.Build.0 = Debug|Any CPU
		{32E81069-E4F8-4EF8-AC1C-66062AE4A6DD}.Debug|arm64.ActiveCfg = Debug|Any CPU
		{32E81069-E4F8-4EF8-AC1C-66062AE4A6DD}.Debug|arm64.Build.0 = Debug|Any CPU
		{32E81069-E4F8-4EF8-AC1C-66062AE4A6DD}.Debug|x86.ActiveCfg = Debug|Any CPU
		{32E81069-E4F8-4EF8-AC1C-66062AE4A6DD}.Debug|x86.Build.0 = Debug|Any CPU
		{32E81069-E4F8-4EF8-AC1C-66062AE4A6DD}.Diagnostics|Any CPU.ActiveCfg = Diagnostics|Any CPU
		{32E81069-E4F8-4EF8-AC1C-66062AE4A6DD}.Diagnostics|Any CPU.Build.0 = Diagnostics|Any CPU
		{32E81069-E4F8-4EF8-AC1C-66062AE4A6DD}.Diagnostics|arm64.ActiveCfg = Diagnostics|Any CPU
		{32E81069-E4F8-4EF8-AC1C-66062AE4A6DD}.Diagnostics|arm64.Build.0 = Diagnostics|Any CPU
		{32E81069-E4F8-4EF8-AC1C-66062AE4A6DD}.Diagnostics|x86.ActiveCfg = Diagnostics|Any CPU
		{32E81069-E4F8-4EF8-AC1C-66062AE4A6DD}.Diagnostics|x86.Build.0 = Diagnostics|Any CPU
		{32E81069-E4F8-4EF8-AC1C-66062AE4A6DD}.Release|Any CPU.ActiveCfg = Release|Any CPU
		{32E81069-E4F8-4EF8-AC1C-66062AE4A6DD}.Release|Any CPU.Build.0 = Release|Any CPU
		{32E81069-E4F8-4EF8-AC1C-66062AE4A6DD}.Release|arm64.ActiveCfg = Release|Any CPU
		{32E81069-E4F8-4EF8-AC1C-66062AE4A6DD}.Release|arm64.Build.0 = Release|Any CPU
		{32E81069-E4F8-4EF8-AC1C-66062AE4A6DD}.Release|x86.ActiveCfg = Release|Any CPU
		{32E81069-E4F8-4EF8-AC1C-66062AE4A6DD}.Release|x86.Build.0 = Release|Any CPU
		{E0545F99-556F-4F6D-8AC0-9C583948E2B7}.Debug|Any CPU.ActiveCfg = Debug|Any CPU
		{E0545F99-556F-4F6D-8AC0-9C583948E2B7}.Debug|Any CPU.Build.0 = Debug|Any CPU
		{E0545F99-556F-4F6D-8AC0-9C583948E2B7}.Debug|arm64.ActiveCfg = Debug|Any CPU
		{E0545F99-556F-4F6D-8AC0-9C583948E2B7}.Debug|arm64.Build.0 = Debug|Any CPU
		{E0545F99-556F-4F6D-8AC0-9C583948E2B7}.Debug|x86.ActiveCfg = Debug|Any CPU
		{E0545F99-556F-4F6D-8AC0-9C583948E2B7}.Debug|x86.Build.0 = Debug|Any CPU
		{E0545F99-556F-4F6D-8AC0-9C583948E2B7}.Diagnostics|Any CPU.ActiveCfg = Debug|Any CPU
		{E0545F99-556F-4F6D-8AC0-9C583948E2B7}.Diagnostics|Any CPU.Build.0 = Debug|Any CPU
		{E0545F99-556F-4F6D-8AC0-9C583948E2B7}.Diagnostics|arm64.ActiveCfg = Debug|Any CPU
		{E0545F99-556F-4F6D-8AC0-9C583948E2B7}.Diagnostics|arm64.Build.0 = Debug|Any CPU
		{E0545F99-556F-4F6D-8AC0-9C583948E2B7}.Diagnostics|x86.ActiveCfg = Debug|Any CPU
		{E0545F99-556F-4F6D-8AC0-9C583948E2B7}.Diagnostics|x86.Build.0 = Debug|Any CPU
		{E0545F99-556F-4F6D-8AC0-9C583948E2B7}.Release|Any CPU.ActiveCfg = Release|Any CPU
		{E0545F99-556F-4F6D-8AC0-9C583948E2B7}.Release|Any CPU.Build.0 = Release|Any CPU
		{E0545F99-556F-4F6D-8AC0-9C583948E2B7}.Release|arm64.ActiveCfg = Release|Any CPU
		{E0545F99-556F-4F6D-8AC0-9C583948E2B7}.Release|arm64.Build.0 = Release|Any CPU
		{E0545F99-556F-4F6D-8AC0-9C583948E2B7}.Release|x86.ActiveCfg = Release|Any CPU
		{E0545F99-556F-4F6D-8AC0-9C583948E2B7}.Release|x86.Build.0 = Release|Any CPU
	EndGlobalSection
	GlobalSection(SolutionProperties) = preSolution
		HideSolutionNode = FALSE
	EndGlobalSection
	GlobalSection(ExtensibilityGlobals) = postSolution
		SolutionGuid = {3F28F68C-157C-447A-A903-70D1D09B44CE}
	EndGlobalSection
EndGlobal
